
Microsoft Visual Studio Solution File, Format Version 12.00
# Visual Studio 14
VisualStudioVersion = 14.0.25420.1
MinimumVisualStudioVersion = 10.0.40219.1
Project("{FAE04EC0-301F-11D3-BF4B-00C04F79EFBC}") = "MatViz", "MatViz\MatViz.csproj", "{B6F077BC-DAD9-4FF2-B831-1C79BA2E790B}"
EndProject
Project("{FAE04EC0-301F-11D3-BF4B-00C04F79EFBC}") = "NabViz", "NabViz\NabViz.csproj", "{0B19557F-EA58-4486-A98E-396E5F1C7965}"
EndProject
Project("{FAE04EC0-301F-11D3-BF4B-00C04F79EFBC}") = "Detector", "Detector\Detector.csproj", "{73B9A6D8-C6ED-4AF9-9256-ED01595754DE}"
EndProject
Project("{FAE04EC0-301F-11D3-BF4B-00C04F79EFBC}") = "PipExtensions", "PipExtensions\PipExtensions.csproj", "{7728F4CF-46AF-437C-802A-62EDBF7C5154}"
EndProject
Project("{FAE04EC0-301F-11D3-BF4B-00C04F79EFBC}") = "PipExtensionsTests", "PipExtensions\PipExtensionsTests\PipExtensionsTests.csproj", "{EA65FD43-3DF9-4888-AA2B-5C40D0B1E733}"
EndProject
Project("{FAE04EC0-301F-11D3-BF4B-00C04F79EFBC}") = "DetectorTests", "DetectorTests\DetectorTests.csproj", "{14947FFC-A73F-4269-A8A0-F0F86F85647D}"
EndProject
Project("{FAE04EC0-301F-11D3-BF4B-00C04F79EFBC}") = "RakuChart", "RakuChart\RakuChart.csproj", "{BBB5ECC1-9F49-4567-81A3-0C95833EF8D0}"
EndProject
Global
	GlobalSection(SolutionConfigurationPlatforms) = preSolution
		Debug|Any CPU = Debug|Any CPU
		Release|Any CPU = Release|Any CPU
	EndGlobalSection
	GlobalSection(ProjectConfigurationPlatforms) = postSolution
		{B6F077BC-DAD9-4FF2-B831-1C79BA2E790B}.Debug|Any CPU.ActiveCfg = Debug|Any CPU
		{B6F077BC-DAD9-4FF2-B831-1C79BA2E790B}.Debug|Any CPU.Build.0 = Debug|Any CPU
		{B6F077BC-DAD9-4FF2-B831-1C79BA2E790B}.Release|Any CPU.ActiveCfg = Release|Any CPU
		{B6F077BC-DAD9-4FF2-B831-1C79BA2E790B}.Release|Any CPU.Build.0 = Release|Any CPU
		{0B19557F-EA58-4486-A98E-396E5F1C7965}.Debug|Any CPU.ActiveCfg = Debug|Any CPU
		{0B19557F-EA58-4486-A98E-396E5F1C7965}.Debug|Any CPU.Build.0 = Debug|Any CPU
		{0B19557F-EA58-4486-A98E-396E5F1C7965}.Release|Any CPU.ActiveCfg = Release|Any CPU
		{0B19557F-EA58-4486-A98E-396E5F1C7965}.Release|Any CPU.Build.0 = Release|Any CPU
		{73B9A6D8-C6ED-4AF9-9256-ED01595754DE}.Debug|Any CPU.ActiveCfg = Debug|Any CPU
		{73B9A6D8-C6ED-4AF9-9256-ED01595754DE}.Debug|Any CPU.Build.0 = Debug|Any CPU
		{73B9A6D8-C6ED-4AF9-9256-ED01595754DE}.Release|Any CPU.ActiveCfg = Release|Any CPU
		{73B9A6D8-C6ED-4AF9-9256-ED01595754DE}.Release|Any CPU.Build.0 = Release|Any CPU
		{7728F4CF-46AF-437C-802A-62EDBF7C5154}.Debug|Any CPU.ActiveCfg = Debug|Any CPU
		{7728F4CF-46AF-437C-802A-62EDBF7C5154}.Debug|Any CPU.Build.0 = Debug|Any CPU
		{7728F4CF-46AF-437C-802A-62EDBF7C5154}.Release|Any CPU.ActiveCfg = Release|Any CPU
		{7728F4CF-46AF-437C-802A-62EDBF7C5154}.Release|Any CPU.Build.0 = Release|Any CPU
		{EA65FD43-3DF9-4888-AA2B-5C40D0B1E733}.Debug|Any CPU.ActiveCfg = Debug|Any CPU
		{EA65FD43-3DF9-4888-AA2B-5C40D0B1E733}.Debug|Any CPU.Build.0 = Debug|Any CPU
		{EA65FD43-3DF9-4888-AA2B-5C40D0B1E733}.Release|Any CPU.ActiveCfg = Release|Any CPU
		{EA65FD43-3DF9-4888-AA2B-5C40D0B1E733}.Release|Any CPU.Build.0 = Release|Any CPU
		{14947FFC-A73F-4269-A8A0-F0F86F85647D}.Debug|Any CPU.ActiveCfg = Debug|Any CPU
		{14947FFC-A73F-4269-A8A0-F0F86F85647D}.Debug|Any CPU.Build.0 = Debug|Any CPU
		{14947FFC-A73F-4269-A8A0-F0F86F85647D}.Release|Any CPU.ActiveCfg = Release|Any CPU
		{14947FFC-A73F-4269-A8A0-F0F86F85647D}.Release|Any CPU.Build.0 = Release|Any CPU
		{BBB5ECC1-9F49-4567-81A3-0C95833EF8D0}.Debug|Any CPU.ActiveCfg = Debug|Any CPU
		{BBB5ECC1-9F49-4567-81A3-0C95833EF8D0}.Debug|Any CPU.Build.0 = Debug|Any CPU
		{BBB5ECC1-9F49-4567-81A3-0C95833EF8D0}.Release|Any CPU.ActiveCfg = Release|Any CPU
		{BBB5ECC1-9F49-4567-81A3-0C95833EF8D0}.Release|Any CPU.Build.0 = Release|Any CPU
	EndGlobalSection
	GlobalSection(SolutionProperties) = preSolution
		HideSolutionNode = FALSE
	EndGlobalSection
EndGlobal
